
Microsoft Visual Studio Solution File, Format Version 12.00
Project("{FAE04EC0-301F-11D3-BF4B-00C04F79EFBC}") = "Wpf For Test File Generator And Sorter", "Wpf For Test File Generator And Sorter\Wpf For Test File Generator And Sorter.csproj", "{01C22E4D-88D1-4419-94F7-870C06DEBF15}"
EndProject
Global
	GlobalSection(SolutionConfigurationPlatforms) = preSolution
		Debug|Any CPU = Debug|Any CPU
		Release|Any CPU = Release|Any CPU
	EndGlobalSection
	GlobalSection(ProjectConfigurationPlatforms) = postSolution
		{01C22E4D-88D1-4419-94F7-870C06DEBF15}.Debug|Any CPU.ActiveCfg = Debug|Any CPU
		{01C22E4D-88D1-4419-94F7-870C06DEBF15}.Debug|Any CPU.Build.0 = Debug|Any CPU
		{01C22E4D-88D1-4419-94F7-870C06DEBF15}.Release|Any CPU.ActiveCfg = Release|Any CPU
		{01C22E4D-88D1-4419-94F7-870C06DEBF15}.Release|Any CPU.Build.0 = Release|Any CPU
	EndGlobalSection
EndGlobal
